
Microsoft Visual Studio Solution File, Format Version 12.00
# Visual Studio Version 17
VisualStudioVersion = 17.2.32630.192
MinimumVisualStudioVersion = 10.0.40219.1
Project("{FAE04EC0-301F-11D3-BF4B-00C04F79EFBC}") = "ArrayListProject", "ArrayListProject\ArrayListProject.csproj", "{897E1EE7-8814-49F1-9D07-BAE0037AC617}"
EndProject
Global
	GlobalSection(SolutionConfigurationPlatforms) = preSolution
		Debug|Any CPU = Debug|Any CPU
		Release|Any CPU = Release|Any CPU
	EndGlobalSection
	GlobalSection(ProjectConfigurationPlatforms) = postSolution
		{897E1EE7-8814-49F1-9D07-BAE0037AC617}.Debug|Any CPU.ActiveCfg = Debug|Any CPU
		{897E1EE7-8814-49F1-9D07-BAE0037AC617}.Debug|Any CPU.Build.0 = Debug|Any CPU
		{897E1EE7-8814-49F1-9D07-BAE0037AC617}.Release|Any CPU.ActiveCfg = Release|Any CPU
		{897E1EE7-8814-49F1-9D07-BAE0037AC617}.Release|Any CPU.Build.0 = Release|Any CPU
	EndGlobalSection
	GlobalSection(SolutionProperties) = preSolution
		HideSolutionNode = FALSE
	EndGlobalSection
	GlobalSection(ExtensibilityGlobals) = postSolution
		SolutionGuid = {98A6EB4B-9074-435A-ACEF-9054C4F5979C}
	EndGlobalSection
EndGlobal
